// !$*UTF8*$!
{
	archiveVersion = 1;
	classes = {
	};
	objectVersion = 46;
	objects = {

/* Begin PBXBuildFile section */
		B30701AF165399830043E432 /* NewsPostViewController.m in Sources */ = {isa = PBXBuildFile; fileRef = B30701AE165399830043E432 /* NewsPostViewController.m */; };
		B30701B21653BC640043E432 /* PersonViewController.m in Sources */ = {isa = PBXBuildFile; fileRef = B30701B11653BC630043E432 /* PersonViewController.m */; };
		B317CCF916488DF400E1FBE9 /* UIKit.framework in Frameworks */ = {isa = PBXBuildFile; fileRef = B317CCF816488DF400E1FBE9 /* UIKit.framework */; };
		B317CCFB16488DF400E1FBE9 /* Foundation.framework in Frameworks */ = {isa = PBXBuildFile; fileRef = B317CCFA16488DF400E1FBE9 /* Foundation.framework */; };
		B317CCFD16488DF400E1FBE9 /* CoreGraphics.framework in Frameworks */ = {isa = PBXBuildFile; fileRef = B317CCFC16488DF400E1FBE9 /* CoreGraphics.framework */; };
		B34070AC165101CE002721F2 /* loadingbutton.png in Resources */ = {isa = PBXBuildFile; fileRef = B34070A4165101CE002721F2 /* loadingbutton.png */; };
		B34070AD165101CE002721F2 /* loadingbutton@2x.png in Resources */ = {isa = PBXBuildFile; fileRef = B34070A5165101CE002721F2 /* loadingbutton@2x.png */; };
		B34070AE165101CE002721F2 /* pausebutton.png in Resources */ = {isa = PBXBuildFile; fileRef = B34070A6165101CE002721F2 /* pausebutton.png */; };
		B34070AF165101CE002721F2 /* pausebutton@2x.png in Resources */ = {isa = PBXBuildFile; fileRef = B34070A7165101CE002721F2 /* pausebutton@2x.png */; };
		B34070B0165101CE002721F2 /* playbutton.png in Resources */ = {isa = PBXBuildFile; fileRef = B34070A8165101CE002721F2 /* playbutton.png */; };
		B34070B1165101CE002721F2 /* playbutton@2x.png in Resources */ = {isa = PBXBuildFile; fileRef = B34070A9165101CE002721F2 /* playbutton@2x.png */; };
		B34070B2165101CE002721F2 /* stopbutton.png in Resources */ = {isa = PBXBuildFile; fileRef = B34070AA165101CE002721F2 /* stopbutton.png */; };
		B34070B3165101CE002721F2 /* stopbutton@2x.png in Resources */ = {isa = PBXBuildFile; fileRef = B34070AB165101CE002721F2 /* stopbutton@2x.png */; };
		B34070C11651075A002721F2 /* HockeySDKResources.bundle in Resources */ = {isa = PBXBuildFile; fileRef = B34070BF1651075A002721F2 /* HockeySDKResources.bundle */; };
		B34070C21651075A002721F2 /* HockeySDK.framework in Frameworks */ = {isa = PBXBuildFile; fileRef = B34070C01651075A002721F2 /* HockeySDK.framework */; };
		B34070C516511AA5002721F2 /* libPods.a in Frameworks */ = {isa = PBXBuildFile; fileRef = B34070C416511AA5002721F2 /* libPods.a */; };
		B34A7AF71648B13E00CD245F /* QuartzCore.framework in Frameworks */ = {isa = PBXBuildFile; fileRef = B34A7AF61648B13E00CD245F /* QuartzCore.framework */; };
		B34A7AF91648B14400CD245F /* CFNetwork.framework in Frameworks */ = {isa = PBXBuildFile; fileRef = B34A7AF81648B14400CD245F /* CFNetwork.framework */; };
		B34A7AFB1648B14900CD245F /* AudioToolbox.framework in Frameworks */ = {isa = PBXBuildFile; fileRef = B34A7AFA1648B14900CD245F /* AudioToolbox.framework */; };
		B34A7AFD1648B14D00CD245F /* MediaPlayer.framework in Frameworks */ = {isa = PBXBuildFile; fileRef = B34A7AFC1648B14D00CD245F /* MediaPlayer.framework */; };
		B366FA6616523FB400181A33 /* libRestKit.a in Frameworks */ = {isa = PBXBuildFile; fileRef = B366FA5A16523F1C00181A33 /* libRestKit.a */; };
		B366FA6816523FC200181A33 /* CoreData.framework in Frameworks */ = {isa = PBXBuildFile; fileRef = B366FA6716523FC200181A33 /* CoreData.framework */; };
		B366FA6A16523FC800181A33 /* MobileCoreServices.framework in Frameworks */ = {isa = PBXBuildFile; fileRef = B366FA6916523FC800181A33 /* MobileCoreServices.framework */; };
		B366FA6C16523FCD00181A33 /* Security.framework in Frameworks */ = {isa = PBXBuildFile; fileRef = B366FA6B16523FCD00181A33 /* Security.framework */; };
		B366FA6E16523FDF00181A33 /* libxml2.dylib in Frameworks */ = {isa = PBXBuildFile; fileRef = B366FA6D16523FDF00181A33 /* libxml2.dylib */; };
		B366FA7F1653311F00181A33 /* MWCaptionView.m in Sources */ = {isa = PBXBuildFile; fileRef = B37657A81650F9C700F6BCA5 /* MWCaptionView.m */; };
		B366FA801653311F00181A33 /* MWPhoto.m in Sources */ = {isa = PBXBuildFile; fileRef = B37657AA1650F9C700F6BCA5 /* MWPhoto.m */; };
		B366FA811653311F00181A33 /* MWPhotoBrowser.m in Sources */ = {isa = PBXBuildFile; fileRef = B37657AC1650F9C700F6BCA5 /* MWPhotoBrowser.m */; };
		B366FA821653311F00181A33 /* MWTapDetectingImageView.m in Sources */ = {isa = PBXBuildFile; fileRef = B37657AF1650F9C700F6BCA5 /* MWTapDetectingImageView.m */; };
		B366FA831653311F00181A33 /* MWTapDetectingView.m in Sources */ = {isa = PBXBuildFile; fileRef = B37657B11650F9C700F6BCA5 /* MWTapDetectingView.m */; };
		B366FA841653311F00181A33 /* MWZoomingScrollView.m in Sources */ = {isa = PBXBuildFile; fileRef = B37657B31650F9C700F6BCA5 /* MWZoomingScrollView.m */; };
		B366FA851653311F00181A33 /* MBProgressHUD.m in Sources */ = {isa = PBXBuildFile; fileRef = B37657B71650F9C700F6BCA5 /* MBProgressHUD.m */; };
		B366FA861653311F00181A33 /* AppHelpers.m in Sources */ = {isa = PBXBuildFile; fileRef = B3512F4D164FB7620030BF97 /* AppHelpers.m */; };
		B366FA871653311F00181A33 /* AppDelegate.m in Sources */ = {isa = PBXBuildFile; fileRef = B39005FA1650F654000905DB /* AppDelegate.m */; };
		B366FA881653311F00181A33 /* DisclosureButtonController.m in Sources */ = {isa = PBXBuildFile; fileRef = B37657551650F78E00F6BCA5 /* DisclosureButtonController.m */; };
		B366FA891653311F00181A33 /* DisclosureDetailController.m in Sources */ = {isa = PBXBuildFile; fileRef = B37657571650F78E00F6BCA5 /* DisclosureDetailController.m */; };
		B366FA8A1653311F00181A33 /* FirstLevelController.m in Sources */ = {isa = PBXBuildFile; fileRef = B37657591650F78E00F6BCA5 /* FirstLevelController.m */; };
		B366FA8B1653311F00181A33 /* InfoViewController.m in Sources */ = {isa = PBXBuildFile; fileRef = B376575B1650F78E00F6BCA5 /* InfoViewController.m */; };
		B366FA8C1653311F00181A33 /* ListenViewController.m in Sources */ = {isa = PBXBuildFile; fileRef = B376575D1650F78E00F6BCA5 /* ListenViewController.m */; };
		B366FA8D1653311F00181A33 /* NavigationController.m in Sources */ = {isa = PBXBuildFile; fileRef = B376575F1650F78E00F6BCA5 /* NavigationController.m */; };
		B366FA8E1653311F00181A33 /* ListenNavigationViewController.m in Sources */ = {isa = PBXBuildFile; fileRef = B366FA7D16532B8600181A33 /* ListenNavigationViewController.m */; };
		B366FA8F1653311F00181A33 /* NewsViewController.m in Sources */ = {isa = PBXBuildFile; fileRef = B37657611650F78E00F6BCA5 /* NewsViewController.m */; };
		B366FA921653311F00181A33 /* ScheduleSlot.m in Sources */ = {isa = PBXBuildFile; fileRef = B366FA70165241A000181A33 /* ScheduleSlot.m */; };
		B366FA931653311F00181A33 /* Show.m in Sources */ = {isa = PBXBuildFile; fileRef = B366FA73165244DB00181A33 /* Show.m */; };
		B366FA941653311F00181A33 /* main.m in Sources */ = {isa = PBXBuildFile; fileRef = B39005F31650F4D5000905DB /* main.m */; };
		B366FA951653311F00181A33 /* TFParagraphCell.m in Sources */ = {isa = PBXBuildFile; fileRef = B366FA7A1653259300181A33 /* TFParagraphCell.m */; };
		B366FA961653311F00181A33 /* AudioStreamer.m in Sources */ = {isa = PBXBuildFile; fileRef = B340709B165101B3002721F2 /* AudioStreamer.m */; };
		B366FA971653311F00181A33 /* LevelMeterView.m in Sources */ = {isa = PBXBuildFile; fileRef = B340709D165101B3002721F2 /* LevelMeterView.m */; };
		B366FA981653311F00181A33 /* UIDevice+Hardware.m in Sources */ = {isa = PBXBuildFile; fileRef = B340709F165101B3002721F2 /* UIDevice+Hardware.m */; };
		B37657C31650F9C700F6BCA5 /* LICENCE.txt in Resources */ = {isa = PBXBuildFile; fileRef = B37657B91650F9C700F6BCA5 /* LICENCE.txt */; };
		B37657C41650F9C700F6BCA5 /* MWPhotoBrowser.bundle in Resources */ = {isa = PBXBuildFile; fileRef = B37657BA1650F9C700F6BCA5 /* MWPhotoBrowser.bundle */; };
		B38C88AC164C86620075A5F5 /* ImageIO.framework in Frameworks */ = {isa = PBXBuildFile; fileRef = B38C88AB164C86620075A5F5 /* ImageIO.framework */; };
		B38C8909164CB5AD0075A5F5 /* MessageUI.framework in Frameworks */ = {isa = PBXBuildFile; fileRef = B38C8908164CB5AD0075A5F5 /* MessageUI.framework */; };
		B39005CF1650F2A5000905DB /* disclosureButtonControllerIcon.png in Resources */ = {isa = PBXBuildFile; fileRef = B39005B91650F2A5000905DB /* disclosureButtonControllerIcon.png */; };
		B39005D01650F2A5000905DB /* info.png in Resources */ = {isa = PBXBuildFile; fileRef = B39005BB1650F2A5000905DB /* info.png */; };
		B39005D11650F2A5000905DB /* info@2x.png in Resources */ = {isa = PBXBuildFile; fileRef = B39005BC1650F2A5000905DB /* info@2x.png */; };
		B39005D21650F2A5000905DB /* listen.png in Resources */ = {isa = PBXBuildFile; fileRef = B39005BD1650F2A5000905DB /* listen.png */; };
		B39005D31650F2A5000905DB /* listen@2x.png in Resources */ = {isa = PBXBuildFile; fileRef = B39005BE1650F2A5000905DB /* listen@2x.png */; };
		B39005D41650F2A5000905DB /* news.png in Resources */ = {isa = PBXBuildFile; fileRef = B39005BF1650F2A5000905DB /* news.png */; };
		B39005D51650F2A5000905DB /* news@2x.png in Resources */ = {isa = PBXBuildFile; fileRef = B39005C01650F2A5000905DB /* news@2x.png */; };
		B39005D61650F2A5000905DB /* schedule.png in Resources */ = {isa = PBXBuildFile; fileRef = B39005C11650F2A5000905DB /* schedule.png */; };
		B39005D71650F2A5000905DB /* schedule@2x.png in Resources */ = {isa = PBXBuildFile; fileRef = B39005C21650F2A5000905DB /* schedule@2x.png */; };
		B39005D81650F2A5000905DB /* logo.png in Resources */ = {isa = PBXBuildFile; fileRef = B39005C31650F2A5000905DB /* logo.png */; };
		B39005D91650F2A5000905DB /* navBar.png in Resources */ = {isa = PBXBuildFile; fileRef = B39005C41650F2A5000905DB /* navBar.png */; };
		B39005DA1650F2A5000905DB /* navBar@2x.png in Resources */ = {isa = PBXBuildFile; fileRef = B39005C51650F2A5000905DB /* navBar@2x.png */; };
		B39005DB1650F2A5000905DB /* pattern.jpg in Resources */ = {isa = PBXBuildFile; fileRef = B39005C61650F2A5000905DB /* pattern.jpg */; };
		B39005DC1650F2A5000905DB /* pattern@2x.png in Resources */ = {isa = PBXBuildFile; fileRef = B39005C71650F2A5000905DB /* pattern@2x.png */; };
		B39005DD1650F2A5000905DB /* placeholder_medium.png in Resources */ = {isa = PBXBuildFile; fileRef = B39005C91650F2A5000905DB /* placeholder_medium.png */; };
		B39005DE1650F2A5000905DB /* placeholder_medium@2x.png in Resources */ = {isa = PBXBuildFile; fileRef = B39005CA1650F2A5000905DB /* placeholder_medium@2x.png */; };
		B39005DF1650F2A5000905DB /* placeholder_small@2x.png in Resources */ = {isa = PBXBuildFile; fileRef = B39005CB1650F2A5000905DB /* placeholder_small@2x.png */; };
		B39005E01650F2A5000905DB /* placeholder_thumb.jpg in Resources */ = {isa = PBXBuildFile; fileRef = B39005CC1650F2A5000905DB /* placeholder_thumb.jpg */; };
		B39005E11650F2A5000905DB /* placeholder_thumb@2x.png in Resources */ = {isa = PBXBuildFile; fileRef = B39005CD1650F2A5000905DB /* placeholder_thumb@2x.png */; };
		B39005E21650F2A5000905DB /* square_large_default.jpg in Resources */ = {isa = PBXBuildFile; fileRef = B39005CE1650F2A5000905DB /* square_large_default.jpg */; };
		B39005F61650F4D5000905DB /* InfoPlist.strings in Resources */ = {isa = PBXBuildFile; fileRef = B39005F11650F4D5000905DB /* InfoPlist.strings */; };
		B3958F521648BFDA00412C9E /* AVFoundation.framework in Frameworks */ = {isa = PBXBuildFile; fileRef = B3958F511648BFDA00412C9E /* AVFoundation.framework */; };
		B3958FFE1649088D00412C9E /* SystemConfiguration.framework in Frameworks */ = {isa = PBXBuildFile; fileRef = B3958FFD1649088D00412C9E /* SystemConfiguration.framework */; };
		B3959000164908A000412C9E /* libz.dylib in Frameworks */ = {isa = PBXBuildFile; fileRef = B3958FFF164908A000412C9E /* libz.dylib */; };
		B3959011164909C100412C9E /* Icon.png in Resources */ = {isa = PBXBuildFile; fileRef = B3959010164909C100412C9E /* Icon.png */; };
		B3959013164909C500412C9E /* Icon@2x.png in Resources */ = {isa = PBXBuildFile; fileRef = B3959012164909C500412C9E /* Icon@2x.png */; };
		B3959015164909D400412C9E /* Default.png in Resources */ = {isa = PBXBuildFile; fileRef = B3959014164909D400412C9E /* Default.png */; };
		B3959017164909D700412C9E /* Default@2x.png in Resources */ = {isa = PBXBuildFile; fileRef = B3959016164909D700412C9E /* Default@2x.png */; };
		B3ADB5F816538C1400637288 /* NewsPost.m in Sources */ = {isa = PBXBuildFile; fileRef = B3ADB5F716538C1400637288 /* NewsPost.m */; };
		B3ADB5FB16538CBB00637288 /* Person.m in Sources */ = {isa = PBXBuildFile; fileRef = B3ADB5FA16538CBB00637288 /* Person.m */; };
		B3ADB5FE165396A600637288 /* NSString+NSStringAdditions.m in Sources */ = {isa = PBXBuildFile; fileRef = B3ADB5FD165396A600637288 /* NSString+NSStringAdditions.m */; };
		B3D3054F1654642300710843 /* AKTab.m in Sources */ = {isa = PBXBuildFile; fileRef = B3D305431654642300710843 /* AKTab.m */; };
		B3D305501654642300710843 /* AKTabBar.m in Sources */ = {isa = PBXBuildFile; fileRef = B3D305451654642300710843 /* AKTabBar.m */; };
		B3D305511654642300710843 /* AKTabBarController.bundle in Resources */ = {isa = PBXBuildFile; fileRef = B3D305461654642300710843 /* AKTabBarController.bundle */; };
		B3D305521654642300710843 /* AKTabBarController.m in Sources */ = {isa = PBXBuildFile; fileRef = B3D305481654642300710843 /* AKTabBarController.m */; };
		B3D305531654642300710843 /* AKTabBarView.m in Sources */ = {isa = PBXBuildFile; fileRef = B3D3054A1654642300710843 /* AKTabBarView.m */; };
		B3D305541654642300710843 /* UINavigationController+AKTabBarController.m in Sources */ = {isa = PBXBuildFile; fileRef = B3D3054C1654642300710843 /* UINavigationController+AKTabBarController.m */; };
		B3D305551654642300710843 /* UIViewController+AKTabBarController.m in Sources */ = {isa = PBXBuildFile; fileRef = B3D3054E1654642300710843 /* UIViewController+AKTabBarController.m */; };
		B3D305C6165471CA00710843 /* BeamMinimalExampleProvider.m in Sources */ = {isa = PBXBuildFile; fileRef = B3D305C5165471CA00710843 /* BeamMinimalExampleProvider.m */; };
		B3D305F71655942100710843 /* BeamMusicPlayerController.bundle in Resources */ = {isa = PBXBuildFile; fileRef = B3D305ED1655942100710843 /* BeamMusicPlayerController.bundle */; };
		B3D305F81655942100710843 /* BeamMPMusicPlayerProvider.m in Sources */ = {isa = PBXBuildFile; fileRef = B3D305EF1655942100710843 /* BeamMPMusicPlayerProvider.m */; settings = {COMPILER_FLAGS = "-fno-objc-arc"; }; };
		B3D305F91655942100710843 /* BeamMusicPlayerController.m in Sources */ = {isa = PBXBuildFile; fileRef = B3D305F11655942100710843 /* BeamMusicPlayerController.m */; settings = {COMPILER_FLAGS = "-fno-objc-arc"; }; };
		B3D305FA1655942100710843 /* BeamMusicPlayerViewController.m in Sources */ = {isa = PBXBuildFile; fileRef = B3D305F51655942100710843 /* BeamMusicPlayerViewController.m */; settings = {COMPILER_FLAGS = "-fno-objc-arc"; }; };
		B3D305FB1655942100710843 /* BeamMusicPlayerViewController.xib in Resources */ = {isa = PBXBuildFile; fileRef = B3D305F61655942100710843 /* BeamMusicPlayerViewController.xib */; };
		B3D305FE1655944500710843 /* UIImageView+Reflection.m in Sources */ = {isa = PBXBuildFile; fileRef = B3D305FD1655944500710843 /* UIImageView+Reflection.m */; settings = {COMPILER_FLAGS = "-fno-objc-arc"; }; };
		B3D306011655945000710843 /* NSDateFormatter+Duration.m in Sources */ = {isa = PBXBuildFile; fileRef = B3D306001655945000710843 /* NSDateFormatter+Duration.m */; settings = {COMPILER_FLAGS = "-fno-objc-arc"; }; };
		B3D306041655945B00710843 /* AutoScrollLabel.m in Sources */ = {isa = PBXBuildFile; fileRef = B3D306031655945B00710843 /* AutoScrollLabel.m */; settings = {COMPILER_FLAGS = "-fno-objc-arc"; }; };
		B3D5D086165458ED003B3F81 /* SVPullToRefresh.m in Sources */ = {isa = PBXBuildFile; fileRef = B3D5D085165458ED003B3F81 /* SVPullToRefresh.m */; };
		B3D5D08916545CEB003B3F81 /* DSFingerTipWindow.m in Sources */ = {isa = PBXBuildFile; fileRef = B3D5D08816545CEB003B3F81 /* DSFingerTipWindow.m */; };
/* End PBXBuildFile section */

/* Begin PBXContainerItemProxy section */
		B366FA5916523F1C00181A33 /* PBXContainerItemProxy */ = {
			isa = PBXContainerItemProxy;
			containerPortal = B366FA4E16523F1C00181A33 /* RestKit.xcodeproj */;
			proxyType = 2;
			remoteGlobalIDString = 25160D1614564E810060A5C5;
			remoteInfo = RestKit;
		};
		B366FA5B16523F1C00181A33 /* PBXContainerItemProxy */ = {
			isa = PBXContainerItemProxy;
			containerPortal = B366FA4E16523F1C00181A33 /* RestKit.xcodeproj */;
			proxyType = 2;
			remoteGlobalIDString = 25160D2614564E820060A5C5;
			remoteInfo = RestKitTests;
		};
		B366FA5D16523F1C00181A33 /* PBXContainerItemProxy */ = {
			isa = PBXContainerItemProxy;
			containerPortal = B366FA4E16523F1C00181A33 /* RestKit.xcodeproj */;
			proxyType = 2;
			remoteGlobalIDString = 25160E62145651060060A5C5;
			remoteInfo = RestKitFramework;
		};
		B366FA5F16523F1C00181A33 /* PBXContainerItemProxy */ = {
			isa = PBXContainerItemProxy;
			containerPortal = B366FA4E16523F1C00181A33 /* RestKit.xcodeproj */;
			proxyType = 2;
			remoteGlobalIDString = 25160E78145651060060A5C5;
			remoteInfo = RestKitFrameworkTests;
		};
		B366FA6116523F1C00181A33 /* PBXContainerItemProxy */ = {
			isa = PBXContainerItemProxy;
			containerPortal = B366FA4E16523F1C00181A33 /* RestKit.xcodeproj */;
			proxyType = 2;
			remoteGlobalIDString = 259C301615128079003066A2;
			remoteInfo = RestKitResources;
		};
		B366FA6416523FA200181A33 /* PBXContainerItemProxy */ = {
			isa = PBXContainerItemProxy;
			containerPortal = B366FA4E16523F1C00181A33 /* RestKit.xcodeproj */;
			proxyType = 1;
			remoteGlobalIDString = 25160D1514564E810060A5C5;
			remoteInfo = RestKit;
		};
/* End PBXContainerItemProxy section */

/* Begin PBXFileReference section */
		1574F0182C874AE0B4B5EF82 /* libPods.a */ = {isa = PBXFileReference; explicitFileType = archive.ar; includeInIndex = 0; path = libPods.a; sourceTree = BUILT_PRODUCTS_DIR; };
		89D18248B72C446C80A3A4F7 /* Pods.xcconfig */ = {isa = PBXFileReference; includeInIndex = 1; lastKnownFileType = text.xcconfig; name = Pods.xcconfig; path = Pods/Pods.xcconfig; sourceTree = SOURCE_ROOT; };
		B30701AD165399830043E432 /* NewsPostViewController.h */ = {isa = PBXFileReference; fileEncoding = 4; lastKnownFileType = sourcecode.c.h; path = NewsPostViewController.h; sourceTree = "<group>"; };
		B30701AE165399830043E432 /* NewsPostViewController.m */ = {isa = PBXFileReference; fileEncoding = 4; lastKnownFileType = sourcecode.c.objc; path = NewsPostViewController.m; sourceTree = "<group>"; };
		B30701B01653BC620043E432 /* PersonViewController.h */ = {isa = PBXFileReference; fileEncoding = 4; lastKnownFileType = sourcecode.c.h; path = PersonViewController.h; sourceTree = "<group>"; };
		B30701B11653BC630043E432 /* PersonViewController.m */ = {isa = PBXFileReference; fileEncoding = 4; lastKnownFileType = sourcecode.c.objc; path = PersonViewController.m; sourceTree = "<group>"; };
		B317CCF416488DF400E1FBE9 /* Radio DePaul.app */ = {isa = PBXFileReference; explicitFileType = wrapper.application; includeInIndex = 0; path = "Radio DePaul.app"; sourceTree = BUILT_PRODUCTS_DIR; };
		B317CCF816488DF400E1FBE9 /* UIKit.framework */ = {isa = PBXFileReference; includeInIndex = 1; lastKnownFileType = wrapper.framework; name = UIKit.framework; path = System/Library/Frameworks/UIKit.framework; sourceTree = SDKROOT; };
		B317CCFA16488DF400E1FBE9 /* Foundation.framework */ = {isa = PBXFileReference; includeInIndex = 1; lastKnownFileType = wrapper.framework; name = Foundation.framework; path = System/Library/Frameworks/Foundation.framework; sourceTree = SDKROOT; };
		B317CCFC16488DF400E1FBE9 /* CoreGraphics.framework */ = {isa = PBXFileReference; includeInIndex = 1; lastKnownFileType = wrapper.framework; name = CoreGraphics.framework; path = System/Library/Frameworks/CoreGraphics.framework; sourceTree = SDKROOT; };
		B340709A165101B3002721F2 /* AudioStreamer.h */ = {isa = PBXFileReference; fileEncoding = 4; lastKnownFileType = sourcecode.c.h; name = AudioStreamer.h; path = Vendor/AudioStreamer/AudioStreamer.h; sourceTree = SOURCE_ROOT; };
		B340709B165101B3002721F2 /* AudioStreamer.m */ = {isa = PBXFileReference; fileEncoding = 4; lastKnownFileType = sourcecode.c.objc; name = AudioStreamer.m; path = Vendor/AudioStreamer/AudioStreamer.m; sourceTree = SOURCE_ROOT; };
		B340709C165101B3002721F2 /* LevelMeterView.h */ = {isa = PBXFileReference; fileEncoding = 4; lastKnownFileType = sourcecode.c.h; name = LevelMeterView.h; path = Vendor/AudioStreamer/LevelMeterView.h; sourceTree = SOURCE_ROOT; };
		B340709D165101B3002721F2 /* LevelMeterView.m */ = {isa = PBXFileReference; fileEncoding = 4; lastKnownFileType = sourcecode.c.objc; name = LevelMeterView.m; path = Vendor/AudioStreamer/LevelMeterView.m; sourceTree = SOURCE_ROOT; };
		B340709E165101B3002721F2 /* UIDevice+Hardware.h */ = {isa = PBXFileReference; fileEncoding = 4; lastKnownFileType = sourcecode.c.h; name = "UIDevice+Hardware.h"; path = "Vendor/AudioStreamer/UIDevice+Hardware.h"; sourceTree = SOURCE_ROOT; };
		B340709F165101B3002721F2 /* UIDevice+Hardware.m */ = {isa = PBXFileReference; fileEncoding = 4; lastKnownFileType = sourcecode.c.objc; name = "UIDevice+Hardware.m"; path = "Vendor/AudioStreamer/UIDevice+Hardware.m"; sourceTree = SOURCE_ROOT; };
		B34070A4165101CE002721F2 /* loadingbutton.png */ = {isa = PBXFileReference; lastKnownFileType = image.png; path = loadingbutton.png; sourceTree = "<group>"; };
		B34070A5165101CE002721F2 /* loadingbutton@2x.png */ = {isa = PBXFileReference; lastKnownFileType = image.png; path = "loadingbutton@2x.png"; sourceTree = "<group>"; };
		B34070A6165101CE002721F2 /* pausebutton.png */ = {isa = PBXFileReference; lastKnownFileType = image.png; path = pausebutton.png; sourceTree = "<group>"; };
		B34070A7165101CE002721F2 /* pausebutton@2x.png */ = {isa = PBXFileReference; lastKnownFileType = image.png; path = "pausebutton@2x.png"; sourceTree = "<group>"; };
		B34070A8165101CE002721F2 /* playbutton.png */ = {isa = PBXFileReference; lastKnownFileType = image.png; path = playbutton.png; sourceTree = "<group>"; };
		B34070A9165101CE002721F2 /* playbutton@2x.png */ = {isa = PBXFileReference; lastKnownFileType = image.png; path = "playbutton@2x.png"; sourceTree = "<group>"; };
		B34070AA165101CE002721F2 /* stopbutton.png */ = {isa = PBXFileReference; lastKnownFileType = image.png; path = stopbutton.png; sourceTree = "<group>"; };
		B34070AB165101CE002721F2 /* stopbutton@2x.png */ = {isa = PBXFileReference; lastKnownFileType = image.png; path = "stopbutton@2x.png"; sourceTree = "<group>"; };
		B34070BF1651075A002721F2 /* HockeySDKResources.bundle */ = {isa = PBXFileReference; lastKnownFileType = "wrapper.plug-in"; name = HockeySDKResources.bundle; path = Vendor/HockeySDKResources.bundle; sourceTree = "<group>"; };
		B34070C01651075A002721F2 /* HockeySDK.framework */ = {isa = PBXFileReference; lastKnownFileType = wrapper.framework; name = HockeySDK.framework; path = Vendor/HockeySDK.framework; sourceTree = "<group>"; };
		B34070C416511AA5002721F2 /* libPods.a */ = {isa = PBXFileReference; lastKnownFileType = archive.ar; name = libPods.a; path = "Pods/build/Release-iphoneos/libPods.a"; sourceTree = "<group>"; };
		B34A7AF61648B13E00CD245F /* QuartzCore.framework */ = {isa = PBXFileReference; includeInIndex = 1; lastKnownFileType = wrapper.framework; name = QuartzCore.framework; path = System/Library/Frameworks/QuartzCore.framework; sourceTree = SDKROOT; };
		B34A7AF81648B14400CD245F /* CFNetwork.framework */ = {isa = PBXFileReference; includeInIndex = 1; lastKnownFileType = wrapper.framework; name = CFNetwork.framework; path = System/Library/Frameworks/CFNetwork.framework; sourceTree = SDKROOT; };
		B34A7AFA1648B14900CD245F /* AudioToolbox.framework */ = {isa = PBXFileReference; includeInIndex = 1; lastKnownFileType = wrapper.framework; name = AudioToolbox.framework; path = System/Library/Frameworks/AudioToolbox.framework; sourceTree = SDKROOT; };
		B34A7AFC1648B14D00CD245F /* MediaPlayer.framework */ = {isa = PBXFileReference; includeInIndex = 1; lastKnownFileType = wrapper.framework; name = MediaPlayer.framework; path = System/Library/Frameworks/MediaPlayer.framework; sourceTree = SDKROOT; };
		B3512F4C164FB7620030BF97 /* AppHelpers.h */ = {isa = PBXFileReference; fileEncoding = 4; lastKnownFileType = sourcecode.c.h; path = AppHelpers.h; sourceTree = "<group>"; };
		B3512F4D164FB7620030BF97 /* AppHelpers.m */ = {isa = PBXFileReference; fileEncoding = 4; lastKnownFileType = sourcecode.c.objc; path = AppHelpers.m; sourceTree = "<group>"; };
		B366FA4E16523F1C00181A33 /* RestKit.xcodeproj */ = {isa = PBXFileReference; lastKnownFileType = "wrapper.pb-project"; name = RestKit.xcodeproj; path = Vendor/RestKit/RestKit.xcodeproj; sourceTree = "<group>"; };
		B366FA6716523FC200181A33 /* CoreData.framework */ = {isa = PBXFileReference; lastKnownFileType = wrapper.framework; name = CoreData.framework; path = System/Library/Frameworks/CoreData.framework; sourceTree = SDKROOT; };
		B366FA6916523FC800181A33 /* MobileCoreServices.framework */ = {isa = PBXFileReference; lastKnownFileType = wrapper.framework; name = MobileCoreServices.framework; path = System/Library/Frameworks/MobileCoreServices.framework; sourceTree = SDKROOT; };
		B366FA6B16523FCD00181A33 /* Security.framework */ = {isa = PBXFileReference; lastKnownFileType = wrapper.framework; name = Security.framework; path = System/Library/Frameworks/Security.framework; sourceTree = SDKROOT; };
		B366FA6D16523FDF00181A33 /* libxml2.dylib */ = {isa = PBXFileReference; lastKnownFileType = "compiled.mach-o.dylib"; name = libxml2.dylib; path = usr/lib/libxml2.dylib; sourceTree = SDKROOT; };
		B366FA6F165241A000181A33 /* ScheduleSlot.h */ = {isa = PBXFileReference; fileEncoding = 4; lastKnownFileType = sourcecode.c.h; path = ScheduleSlot.h; sourceTree = "<group>"; };
		B366FA70165241A000181A33 /* ScheduleSlot.m */ = {isa = PBXFileReference; fileEncoding = 4; lastKnownFileType = sourcecode.c.objc; path = ScheduleSlot.m; sourceTree = "<group>"; };
		B366FA72165244DB00181A33 /* Show.h */ = {isa = PBXFileReference; fileEncoding = 4; lastKnownFileType = sourcecode.c.h; path = Show.h; sourceTree = "<group>"; };
		B366FA73165244DB00181A33 /* Show.m */ = {isa = PBXFileReference; fileEncoding = 4; lastKnownFileType = sourcecode.c.objc; path = Show.m; sourceTree = "<group>"; };
		B366FA791653259300181A33 /* TFParagraphCell.h */ = {isa = PBXFileReference; fileEncoding = 4; lastKnownFileType = sourcecode.c.h; path = TFParagraphCell.h; sourceTree = "<group>"; };
		B366FA7A1653259300181A33 /* TFParagraphCell.m */ = {isa = PBXFileReference; fileEncoding = 4; lastKnownFileType = sourcecode.c.objc; path = TFParagraphCell.m; sourceTree = "<group>"; };
		B366FA7C16532B8600181A33 /* ListenNavigationViewController.h */ = {isa = PBXFileReference; fileEncoding = 4; lastKnownFileType = sourcecode.c.h; path = ListenNavigationViewController.h; sourceTree = "<group>"; };
		B366FA7D16532B8600181A33 /* ListenNavigationViewController.m */ = {isa = PBXFileReference; fileEncoding = 4; lastKnownFileType = sourcecode.c.objc; path = ListenNavigationViewController.m; sourceTree = "<group>"; };
		B37657541650F78E00F6BCA5 /* DisclosureButtonController.h */ = {isa = PBXFileReference; fileEncoding = 4; lastKnownFileType = sourcecode.c.h; path = DisclosureButtonController.h; sourceTree = "<group>"; };
		B37657551650F78E00F6BCA5 /* DisclosureButtonController.m */ = {isa = PBXFileReference; fileEncoding = 4; lastKnownFileType = sourcecode.c.objc; path = DisclosureButtonController.m; sourceTree = "<group>"; };
		B37657561650F78E00F6BCA5 /* DisclosureDetailController.h */ = {isa = PBXFileReference; fileEncoding = 4; lastKnownFileType = sourcecode.c.h; path = DisclosureDetailController.h; sourceTree = "<group>"; };
		B37657571650F78E00F6BCA5 /* DisclosureDetailController.m */ = {isa = PBXFileReference; fileEncoding = 4; lastKnownFileType = sourcecode.c.objc; path = DisclosureDetailController.m; sourceTree = "<group>"; };
		B37657581650F78E00F6BCA5 /* FirstLevelController.h */ = {isa = PBXFileReference; fileEncoding = 4; lastKnownFileType = sourcecode.c.h; path = FirstLevelController.h; sourceTree = "<group>"; };
		B37657591650F78E00F6BCA5 /* FirstLevelController.m */ = {isa = PBXFileReference; fileEncoding = 4; lastKnownFileType = sourcecode.c.objc; path = FirstLevelController.m; sourceTree = "<group>"; };
		B376575A1650F78E00F6BCA5 /* InfoViewController.h */ = {isa = PBXFileReference; fileEncoding = 4; lastKnownFileType = sourcecode.c.h; path = InfoViewController.h; sourceTree = "<group>"; };
		B376575B1650F78E00F6BCA5 /* InfoViewController.m */ = {isa = PBXFileReference; fileEncoding = 4; lastKnownFileType = sourcecode.c.objc; path = InfoViewController.m; sourceTree = "<group>"; };
		B376575C1650F78E00F6BCA5 /* ListenViewController.h */ = {isa = PBXFileReference; fileEncoding = 4; lastKnownFileType = sourcecode.c.h; path = ListenViewController.h; sourceTree = "<group>"; };
		B376575D1650F78E00F6BCA5 /* ListenViewController.m */ = {isa = PBXFileReference; fileEncoding = 4; lastKnownFileType = sourcecode.c.objc; path = ListenViewController.m; sourceTree = "<group>"; };
		B376575E1650F78E00F6BCA5 /* NavigationController.h */ = {isa = PBXFileReference; fileEncoding = 4; lastKnownFileType = sourcecode.c.h; path = NavigationController.h; sourceTree = "<group>"; };
		B376575F1650F78E00F6BCA5 /* NavigationController.m */ = {isa = PBXFileReference; fileEncoding = 4; lastKnownFileType = sourcecode.c.objc; path = NavigationController.m; sourceTree = "<group>"; };
		B37657601650F78E00F6BCA5 /* NewsViewController.h */ = {isa = PBXFileReference; fileEncoding = 4; lastKnownFileType = sourcecode.c.h; path = NewsViewController.h; sourceTree = "<group>"; };
		B37657611650F78E00F6BCA5 /* NewsViewController.m */ = {isa = PBXFileReference; fileEncoding = 4; lastKnownFileType = sourcecode.c.objc; path = NewsViewController.m; sourceTree = "<group>"; };
		B37657621650F78E00F6BCA5 /* SecondLevelController.h */ = {isa = PBXFileReference; fileEncoding = 4; lastKnownFileType = sourcecode.c.h; path = SecondLevelController.h; sourceTree = "<group>"; };
		B37657A71650F9C700F6BCA5 /* MWCaptionView.h */ = {isa = PBXFileReference; fileEncoding = 4; lastKnownFileType = sourcecode.c.h; path = MWCaptionView.h; sourceTree = "<group>"; };
		B37657A81650F9C700F6BCA5 /* MWCaptionView.m */ = {isa = PBXFileReference; fileEncoding = 4; lastKnownFileType = sourcecode.c.objc; path = MWCaptionView.m; sourceTree = "<group>"; };
		B37657A91650F9C700F6BCA5 /* MWPhoto.h */ = {isa = PBXFileReference; fileEncoding = 4; lastKnownFileType = sourcecode.c.h; path = MWPhoto.h; sourceTree = "<group>"; };
		B37657AA1650F9C700F6BCA5 /* MWPhoto.m */ = {isa = PBXFileReference; fileEncoding = 4; lastKnownFileType = sourcecode.c.objc; path = MWPhoto.m; sourceTree = "<group>"; };
		B37657AB1650F9C700F6BCA5 /* MWPhotoBrowser.h */ = {isa = PBXFileReference; fileEncoding = 4; lastKnownFileType = sourcecode.c.h; path = MWPhotoBrowser.h; sourceTree = "<group>"; };
		B37657AC1650F9C700F6BCA5 /* MWPhotoBrowser.m */ = {isa = PBXFileReference; fileEncoding = 4; lastKnownFileType = sourcecode.c.objc; path = MWPhotoBrowser.m; sourceTree = "<group>"; };
		B37657AD1650F9C700F6BCA5 /* MWPhotoProtocol.h */ = {isa = PBXFileReference; fileEncoding = 4; lastKnownFileType = sourcecode.c.h; path = MWPhotoProtocol.h; sourceTree = "<group>"; };
		B37657AE1650F9C700F6BCA5 /* MWTapDetectingImageView.h */ = {isa = PBXFileReference; fileEncoding = 4; lastKnownFileType = sourcecode.c.h; path = MWTapDetectingImageView.h; sourceTree = "<group>"; };
		B37657AF1650F9C700F6BCA5 /* MWTapDetectingImageView.m */ = {isa = PBXFileReference; fileEncoding = 4; lastKnownFileType = sourcecode.c.objc; path = MWTapDetectingImageView.m; sourceTree = "<group>"; };
		B37657B01650F9C700F6BCA5 /* MWTapDetectingView.h */ = {isa = PBXFileReference; fileEncoding = 4; lastKnownFileType = sourcecode.c.h; path = MWTapDetectingView.h; sourceTree = "<group>"; };
		B37657B11650F9C700F6BCA5 /* MWTapDetectingView.m */ = {isa = PBXFileReference; fileEncoding = 4; lastKnownFileType = sourcecode.c.objc; path = MWTapDetectingView.m; sourceTree = "<group>"; };
		B37657B21650F9C700F6BCA5 /* MWZoomingScrollView.h */ = {isa = PBXFileReference; fileEncoding = 4; lastKnownFileType = sourcecode.c.h; path = MWZoomingScrollView.h; sourceTree = "<group>"; };
		B37657B31650F9C700F6BCA5 /* MWZoomingScrollView.m */ = {isa = PBXFileReference; fileEncoding = 4; lastKnownFileType = sourcecode.c.objc; path = MWZoomingScrollView.m; sourceTree = "<group>"; };
		B37657B61650F9C700F6BCA5 /* MBProgressHUD.h */ = {isa = PBXFileReference; fileEncoding = 4; lastKnownFileType = sourcecode.c.h; path = MBProgressHUD.h; sourceTree = "<group>"; };
		B37657B71650F9C700F6BCA5 /* MBProgressHUD.m */ = {isa = PBXFileReference; fileEncoding = 4; lastKnownFileType = sourcecode.c.objc; path = MBProgressHUD.m; sourceTree = "<group>"; };
		B37657B81650F9C700F6BCA5 /* README.mdown */ = {isa = PBXFileReference; fileEncoding = 4; lastKnownFileType = text; path = README.mdown; sourceTree = "<group>"; };
		B37657B91650F9C700F6BCA5 /* LICENCE.txt */ = {isa = PBXFileReference; fileEncoding = 4; lastKnownFileType = text; path = LICENCE.txt; sourceTree = "<group>"; };
		B37657BA1650F9C700F6BCA5 /* MWPhotoBrowser.bundle */ = {isa = PBXFileReference; lastKnownFileType = "wrapper.plug-in"; path = MWPhotoBrowser.bundle; sourceTree = "<group>"; };
		B376587E1651014800F6BCA5 /* AudioStreamer-Prefix.pch */ = {isa = PBXFileReference; lastKnownFileType = sourcecode.c.h; path = "AudioStreamer-Prefix.pch"; sourceTree = "<group>"; };
		B38C88AB164C86620075A5F5 /* ImageIO.framework */ = {isa = PBXFileReference; includeInIndex = 1; lastKnownFileType = wrapper.framework; name = ImageIO.framework; path = System/Library/Frameworks/ImageIO.framework; sourceTree = SDKROOT; };
		B38C8908164CB5AD0075A5F5 /* MessageUI.framework */ = {isa = PBXFileReference; lastKnownFileType = wrapper.framework; name = MessageUI.framework; path = System/Library/Frameworks/MessageUI.framework; sourceTree = SDKROOT; };
		B39005B91650F2A5000905DB /* disclosureButtonControllerIcon.png */ = {isa = PBXFileReference; lastKnownFileType = image.png; path = disclosureButtonControllerIcon.png; sourceTree = "<group>"; };
		B39005BB1650F2A5000905DB /* info.png */ = {isa = PBXFileReference; lastKnownFileType = image.png; path = info.png; sourceTree = "<group>"; };
		B39005BC1650F2A5000905DB /* info@2x.png */ = {isa = PBXFileReference; lastKnownFileType = image.png; path = "info@2x.png"; sourceTree = "<group>"; };
		B39005BD1650F2A5000905DB /* listen.png */ = {isa = PBXFileReference; lastKnownFileType = image.png; path = listen.png; sourceTree = "<group>"; };
		B39005BE1650F2A5000905DB /* listen@2x.png */ = {isa = PBXFileReference; lastKnownFileType = image.png; path = "listen@2x.png"; sourceTree = "<group>"; };
		B39005BF1650F2A5000905DB /* news.png */ = {isa = PBXFileReference; lastKnownFileType = image.png; path = news.png; sourceTree = "<group>"; };
		B39005C01650F2A5000905DB /* news@2x.png */ = {isa = PBXFileReference; lastKnownFileType = image.png; path = "news@2x.png"; sourceTree = "<group>"; };
		B39005C11650F2A5000905DB /* schedule.png */ = {isa = PBXFileReference; lastKnownFileType = image.png; path = schedule.png; sourceTree = "<group>"; };
		B39005C21650F2A5000905DB /* schedule@2x.png */ = {isa = PBXFileReference; lastKnownFileType = image.png; path = "schedule@2x.png"; sourceTree = "<group>"; };
		B39005C31650F2A5000905DB /* logo.png */ = {isa = PBXFileReference; lastKnownFileType = image.png; path = logo.png; sourceTree = "<group>"; };
		B39005C41650F2A5000905DB /* navBar.png */ = {isa = PBXFileReference; lastKnownFileType = image.png; path = navBar.png; sourceTree = "<group>"; };
		B39005C51650F2A5000905DB /* navBar@2x.png */ = {isa = PBXFileReference; lastKnownFileType = image.png; path = "navBar@2x.png"; sourceTree = "<group>"; };
		B39005C61650F2A5000905DB /* pattern.jpg */ = {isa = PBXFileReference; lastKnownFileType = image.jpeg; path = pattern.jpg; sourceTree = "<group>"; };
		B39005C71650F2A5000905DB /* pattern@2x.png */ = {isa = PBXFileReference; lastKnownFileType = image.png; path = "pattern@2x.png"; sourceTree = "<group>"; };
		B39005C91650F2A5000905DB /* placeholder_medium.png */ = {isa = PBXFileReference; lastKnownFileType = image.png; path = placeholder_medium.png; sourceTree = "<group>"; };
		B39005CA1650F2A5000905DB /* placeholder_medium@2x.png */ = {isa = PBXFileReference; lastKnownFileType = image.png; path = "placeholder_medium@2x.png"; sourceTree = "<group>"; };
		B39005CB1650F2A5000905DB /* placeholder_small@2x.png */ = {isa = PBXFileReference; lastKnownFileType = image.png; path = "placeholder_small@2x.png"; sourceTree = "<group>"; };
		B39005CC1650F2A5000905DB /* placeholder_thumb.jpg */ = {isa = PBXFileReference; lastKnownFileType = image.jpeg; path = placeholder_thumb.jpg; sourceTree = "<group>"; };
		B39005CD1650F2A5000905DB /* placeholder_thumb@2x.png */ = {isa = PBXFileReference; lastKnownFileType = image.png; path = "placeholder_thumb@2x.png"; sourceTree = "<group>"; };
		B39005CE1650F2A5000905DB /* square_large_default.jpg */ = {isa = PBXFileReference; lastKnownFileType = image.jpeg; path = square_large_default.jpg; sourceTree = "<group>"; };
		B39005F21650F4D5000905DB /* en */ = {isa = PBXFileReference; lastKnownFileType = text.plist.strings; name = en; path = InfoPlist.strings; sourceTree = "<group>"; };
		B39005F31650F4D5000905DB /* main.m */ = {isa = PBXFileReference; fileEncoding = 4; lastKnownFileType = sourcecode.c.objc; path = main.m; sourceTree = "<group>"; };
		B39005F41650F4D5000905DB /* Radio DePaul-Info.plist */ = {isa = PBXFileReference; fileEncoding = 4; lastKnownFileType = text.plist.xml; path = "Radio DePaul-Info.plist"; sourceTree = "<group>"; };
		B39005F51650F4D5000905DB /* Radio DePaul-Prefix.pch */ = {isa = PBXFileReference; fileEncoding = 4; lastKnownFileType = sourcecode.c.h; path = "Radio DePaul-Prefix.pch"; sourceTree = "<group>"; };
		B39005F91650F654000905DB /* AppDelegate.h */ = {isa = PBXFileReference; fileEncoding = 4; lastKnownFileType = sourcecode.c.h; name = AppDelegate.h; path = Classes/AppDelegate.h; sourceTree = SOURCE_ROOT; };
		B39005FA1650F654000905DB /* AppDelegate.m */ = {isa = PBXFileReference; fileEncoding = 4; lastKnownFileType = sourcecode.c.objc; name = AppDelegate.m; path = Classes/AppDelegate.m; sourceTree = SOURCE_ROOT; };
		B3958F511648BFDA00412C9E /* AVFoundation.framework */ = {isa = PBXFileReference; includeInIndex = 1; lastKnownFileType = wrapper.framework; name = AVFoundation.framework; path = System/Library/Frameworks/AVFoundation.framework; sourceTree = SDKROOT; };
		B3958FFD1649088D00412C9E /* SystemConfiguration.framework */ = {isa = PBXFileReference; includeInIndex = 1; lastKnownFileType = wrapper.framework; name = SystemConfiguration.framework; path = System/Library/Frameworks/SystemConfiguration.framework; sourceTree = SDKROOT; };
		B3958FFF164908A000412C9E /* libz.dylib */ = {isa = PBXFileReference; includeInIndex = 1; lastKnownFileType = "compiled.mach-o.dylib"; name = libz.dylib; path = usr/lib/libz.dylib; sourceTree = SDKROOT; };
		B3959010164909C100412C9E /* Icon.png */ = {isa = PBXFileReference; lastKnownFileType = image.png; path = Icon.png; sourceTree = "<group>"; };
		B3959012164909C500412C9E /* Icon@2x.png */ = {isa = PBXFileReference; lastKnownFileType = image.png; path = "Icon@2x.png"; sourceTree = "<group>"; };
		B3959014164909D400412C9E /* Default.png */ = {isa = PBXFileReference; lastKnownFileType = image.png; path = Default.png; sourceTree = "<group>"; };
		B3959016164909D700412C9E /* Default@2x.png */ = {isa = PBXFileReference; lastKnownFileType = image.png; path = "Default@2x.png"; sourceTree = "<group>"; };
		B3ADB5F616538C1400637288 /* NewsPost.h */ = {isa = PBXFileReference; fileEncoding = 4; lastKnownFileType = sourcecode.c.h; path = NewsPost.h; sourceTree = "<group>"; };
		B3ADB5F716538C1400637288 /* NewsPost.m */ = {isa = PBXFileReference; fileEncoding = 4; lastKnownFileType = sourcecode.c.objc; path = NewsPost.m; sourceTree = "<group>"; };
		B3ADB5F916538CBB00637288 /* Person.h */ = {isa = PBXFileReference; fileEncoding = 4; lastKnownFileType = sourcecode.c.h; path = Person.h; sourceTree = "<group>"; };
		B3ADB5FA16538CBB00637288 /* Person.m */ = {isa = PBXFileReference; fileEncoding = 4; lastKnownFileType = sourcecode.c.objc; path = Person.m; sourceTree = "<group>"; };
		B3ADB5FC165396A600637288 /* NSString+NSStringAdditions.h */ = {isa = PBXFileReference; fileEncoding = 4; lastKnownFileType = sourcecode.c.h; path = "NSString+NSStringAdditions.h"; sourceTree = "<group>"; };
		B3ADB5FD165396A600637288 /* NSString+NSStringAdditions.m */ = {isa = PBXFileReference; fileEncoding = 4; lastKnownFileType = sourcecode.c.objc; path = "NSString+NSStringAdditions.m"; sourceTree = "<group>"; };
		B3D305421654642300710843 /* AKTab.h */ = {isa = PBXFileReference; fileEncoding = 4; lastKnownFileType = sourcecode.c.h; path = AKTab.h; sourceTree = "<group>"; };
		B3D305431654642300710843 /* AKTab.m */ = {isa = PBXFileReference; fileEncoding = 4; lastKnownFileType = sourcecode.c.objc; path = AKTab.m; sourceTree = "<group>"; };
		B3D305441654642300710843 /* AKTabBar.h */ = {isa = PBXFileReference; fileEncoding = 4; lastKnownFileType = sourcecode.c.h; path = AKTabBar.h; sourceTree = "<group>"; };
		B3D305451654642300710843 /* AKTabBar.m */ = {isa = PBXFileReference; fileEncoding = 4; lastKnownFileType = sourcecode.c.objc; path = AKTabBar.m; sourceTree = "<group>"; };
		B3D305461654642300710843 /* AKTabBarController.bundle */ = {isa = PBXFileReference; lastKnownFileType = "wrapper.plug-in"; path = AKTabBarController.bundle; sourceTree = "<group>"; };
		B3D305471654642300710843 /* AKTabBarController.h */ = {isa = PBXFileReference; fileEncoding = 4; lastKnownFileType = sourcecode.c.h; path = AKTabBarController.h; sourceTree = "<group>"; };
		B3D305481654642300710843 /* AKTabBarController.m */ = {isa = PBXFileReference; fileEncoding = 4; lastKnownFileType = sourcecode.c.objc; path = AKTabBarController.m; sourceTree = "<group>"; };
		B3D305491654642300710843 /* AKTabBarView.h */ = {isa = PBXFileReference; fileEncoding = 4; lastKnownFileType = sourcecode.c.h; path = AKTabBarView.h; sourceTree = "<group>"; };
		B3D3054A1654642300710843 /* AKTabBarView.m */ = {isa = PBXFileReference; fileEncoding = 4; lastKnownFileType = sourcecode.c.objc; path = AKTabBarView.m; sourceTree = "<group>"; };
		B3D3054B1654642300710843 /* UINavigationController+AKTabBarController.h */ = {isa = PBXFileReference; fileEncoding = 4; lastKnownFileType = sourcecode.c.h; path = "UINavigationController+AKTabBarController.h"; sourceTree = "<group>"; };
		B3D3054C1654642300710843 /* UINavigationController+AKTabBarController.m */ = {isa = PBXFileReference; fileEncoding = 4; lastKnownFileType = sourcecode.c.objc; path = "UINavigationController+AKTabBarController.m"; sourceTree = "<group>"; };
		B3D3054D1654642300710843 /* UIViewController+AKTabBarController.h */ = {isa = PBXFileReference; fileEncoding = 4; lastKnownFileType = sourcecode.c.h; path = "UIViewController+AKTabBarController.h"; sourceTree = "<group>"; };
		B3D3054E1654642300710843 /* UIViewController+AKTabBarController.m */ = {isa = PBXFileReference; fileEncoding = 4; lastKnownFileType = sourcecode.c.objc; path = "UIViewController+AKTabBarController.m"; sourceTree = "<group>"; };
		B3D305C4165471CA00710843 /* BeamMinimalExampleProvider.h */ = {isa = PBXFileReference; fileEncoding = 4; lastKnownFileType = sourcecode.c.h; path = BeamMinimalExampleProvider.h; sourceTree = "<group>"; };
		B3D305C5165471CA00710843 /* BeamMinimalExampleProvider.m */ = {isa = PBXFileReference; fileEncoding = 4; lastKnownFileType = sourcecode.c.objc; path = BeamMinimalExampleProvider.m; sourceTree = "<group>"; };
		B3D305ED1655942100710843 /* BeamMusicPlayerController.bundle */ = {isa = PBXFileReference; lastKnownFileType = "wrapper.plug-in"; path = BeamMusicPlayerController.bundle; sourceTree = "<group>"; };
		B3D305EE1655942100710843 /* BeamMPMusicPlayerProvider.h */ = {isa = PBXFileReference; fileEncoding = 4; lastKnownFileType = sourcecode.c.h; path = BeamMPMusicPlayerProvider.h; sourceTree = "<group>"; };
		B3D305EF1655942100710843 /* BeamMPMusicPlayerProvider.m */ = {isa = PBXFileReference; fileEncoding = 4; lastKnownFileType = sourcecode.c.objc; path = BeamMPMusicPlayerProvider.m; sourceTree = "<group>"; };
		B3D305F01655942100710843 /* BeamMusicPlayerController.h */ = {isa = PBXFileReference; fileEncoding = 4; lastKnownFileType = sourcecode.c.h; path = BeamMusicPlayerController.h; sourceTree = "<group>"; };
		B3D305F11655942100710843 /* BeamMusicPlayerController.m */ = {isa = PBXFileReference; fileEncoding = 4; lastKnownFileType = sourcecode.c.objc; path = BeamMusicPlayerController.m; sourceTree = "<group>"; };
		B3D305F21655942100710843 /* BeamMusicPlayerDataSource.h */ = {isa = PBXFileReference; fileEncoding = 4; lastKnownFileType = sourcecode.c.h; path = BeamMusicPlayerDataSource.h; sourceTree = "<group>"; };
		B3D305F31655942100710843 /* BeamMusicPlayerDelegate.h */ = {isa = PBXFileReference; fileEncoding = 4; lastKnownFileType = sourcecode.c.h; path = BeamMusicPlayerDelegate.h; sourceTree = "<group>"; };
		B3D305F41655942100710843 /* BeamMusicPlayerViewController.h */ = {isa = PBXFileReference; fileEncoding = 4; lastKnownFileType = sourcecode.c.h; path = BeamMusicPlayerViewController.h; sourceTree = "<group>"; };
		B3D305F51655942100710843 /* BeamMusicPlayerViewController.m */ = {isa = PBXFileReference; fileEncoding = 4; lastKnownFileType = sourcecode.c.objc; path = BeamMusicPlayerViewController.m; sourceTree = "<group>"; };
		B3D305F61655942100710843 /* BeamMusicPlayerViewController.xib */ = {isa = PBXFileReference; fileEncoding = 4; lastKnownFileType = file.xib; path = BeamMusicPlayerViewController.xib; sourceTree = "<group>"; };
		B3D305FC1655944500710843 /* UIImageView+Reflection.h */ = {isa = PBXFileReference; fileEncoding = 4; lastKnownFileType = sourcecode.c.h; path = "UIImageView+Reflection.h"; sourceTree = "<group>"; };
		B3D305FD1655944500710843 /* UIImageView+Reflection.m */ = {isa = PBXFileReference; fileEncoding = 4; lastKnownFileType = sourcecode.c.objc; path = "UIImageView+Reflection.m"; sourceTree = "<group>"; };
		B3D305FF1655945000710843 /* NSDateFormatter+Duration.h */ = {isa = PBXFileReference; fileEncoding = 4; lastKnownFileType = sourcecode.c.h; path = "NSDateFormatter+Duration.h"; sourceTree = "<group>"; };
		B3D306001655945000710843 /* NSDateFormatter+Duration.m */ = {isa = PBXFileReference; fileEncoding = 4; lastKnownFileType = sourcecode.c.objc; path = "NSDateFormatter+Duration.m"; sourceTree = "<group>"; };
		B3D306021655945B00710843 /* AutoScrollLabel.h */ = {isa = PBXFileReference; fileEncoding = 4; lastKnownFileType = sourcecode.c.h; path = AutoScrollLabel.h; sourceTree = "<group>"; };
		B3D306031655945B00710843 /* AutoScrollLabel.m */ = {isa = PBXFileReference; fileEncoding = 4; lastKnownFileType = sourcecode.c.objc; path = AutoScrollLabel.m; sourceTree = "<group>"; };
		B3D5D084165458ED003B3F81 /* SVPullToRefresh.h */ = {isa = PBXFileReference; fileEncoding = 4; lastKnownFileType = sourcecode.c.h; path = SVPullToRefresh.h; sourceTree = "<group>"; };
		B3D5D085165458ED003B3F81 /* SVPullToRefresh.m */ = {isa = PBXFileReference; fileEncoding = 4; lastKnownFileType = sourcecode.c.objc; path = SVPullToRefresh.m; sourceTree = "<group>"; };
		B3D5D08716545CEB003B3F81 /* DSFingerTipWindow.h */ = {isa = PBXFileReference; fileEncoding = 4; lastKnownFileType = sourcecode.c.h; path = DSFingerTipWindow.h; sourceTree = "<group>"; };
		B3D5D08816545CEB003B3F81 /* DSFingerTipWindow.m */ = {isa = PBXFileReference; fileEncoding = 4; lastKnownFileType = sourcecode.c.objc; path = DSFingerTipWindow.m; sourceTree = "<group>"; };
/* End PBXFileReference section */

/* Begin PBXFrameworksBuildPhase section */
		B317CCF116488DF400E1FBE9 /* Frameworks */ = {
			isa = PBXFrameworksBuildPhase;
			buildActionMask = 2147483647;
			files = (
				B366FA6E16523FDF00181A33 /* libxml2.dylib in Frameworks */,
				B34A7AF71648B13E00CD245F /* QuartzCore.framework in Frameworks */,
				B366FA6C16523FCD00181A33 /* Security.framework in Frameworks */,
				B366FA6A16523FC800181A33 /* MobileCoreServices.framework in Frameworks */,
				B366FA6816523FC200181A33 /* CoreData.framework in Frameworks */,
				B34A7AF91648B14400CD245F /* CFNetwork.framework in Frameworks */,
				B366FA6616523FB400181A33 /* libRestKit.a in Frameworks */,
				B34070C516511AA5002721F2 /* libPods.a in Frameworks */,
				B38C88AC164C86620075A5F5 /* ImageIO.framework in Frameworks */,
				B38C8909164CB5AD0075A5F5 /* MessageUI.framework in Frameworks */,
				B317CCFB16488DF400E1FBE9 /* Foundation.framework in Frameworks */,
				B3958F521648BFDA00412C9E /* AVFoundation.framework in Frameworks */,
				B34A7AFD1648B14D00CD245F /* MediaPlayer.framework in Frameworks */,
				B34A7AFB1648B14900CD245F /* AudioToolbox.framework in Frameworks */,
				B317CCFD16488DF400E1FBE9 /* CoreGraphics.framework in Frameworks */,
				B3958FFE1649088D00412C9E /* SystemConfiguration.framework in Frameworks */,
				B317CCF916488DF400E1FBE9 /* UIKit.framework in Frameworks */,
				B3959000164908A000412C9E /* libz.dylib in Frameworks */,
				B34070C21651075A002721F2 /* HockeySDK.framework in Frameworks */,
			);
			runOnlyForDeploymentPostprocessing = 0;
		};
/* End PBXFrameworksBuildPhase section */

/* Begin PBXGroup section */
		B317CCE916488DF400E1FBE9 = {
			isa = PBXGroup;
			children = (
				B366FA4E16523F1C00181A33 /* RestKit.xcodeproj */,
				B34070C416511AA5002721F2 /* libPods.a */,
				B3C56AE61650D8530017F980 /* Vendor */,
				B3512F4B164FB7620030BF97 /* Helpers */,
				B3D32ADA1649F99000A76629 /* Classes */,
				B39005B81650F2A5000905DB /* Images */,
				B3C56AED1650F2410017F980 /* Supporting Files */,
				B390068F1650F753000905DB /* Views */,
				B3959016164909D700412C9E /* Default@2x.png */,
				B3959014164909D400412C9E /* Default.png */,
				B3959012164909C500412C9E /* Icon@2x.png */,
				B3959010164909C100412C9E /* Icon.png */,
				B376587C1651014800F6BCA5 /* AudioStreamer */,
				B317CCF716488DF400E1FBE9 /* Frameworks */,
				B317CCF516488DF400E1FBE9 /* Products */,
				89D18248B72C446C80A3A4F7 /* Pods.xcconfig */,
			);
			sourceTree = "<group>";
		};
		B317CCF516488DF400E1FBE9 /* Products */ = {
			isa = PBXGroup;
			children = (
				B317CCF416488DF400E1FBE9 /* Radio DePaul.app */,
			);
			name = Products;
			sourceTree = "<group>";
		};
		B317CCF716488DF400E1FBE9 /* Frameworks */ = {
			isa = PBXGroup;
			children = (
				B38C88AB164C86620075A5F5 /* ImageIO.framework */,
				B38C8908164CB5AD0075A5F5 /* MessageUI.framework */,
				B3958FFF164908A000412C9E /* libz.dylib */,
				B366FA6D16523FDF00181A33 /* libxml2.dylib */,
				B366FA6B16523FCD00181A33 /* Security.framework */,
				B366FA6916523FC800181A33 /* MobileCoreServices.framework */,
				B366FA6716523FC200181A33 /* CoreData.framework */,
				B3958FFD1649088D00412C9E /* SystemConfiguration.framework */,
				B3958F511648BFDA00412C9E /* AVFoundation.framework */,
				B34A7AFC1648B14D00CD245F /* MediaPlayer.framework */,
				B34A7AFA1648B14900CD245F /* AudioToolbox.framework */,
				B34A7AF81648B14400CD245F /* CFNetwork.framework */,
				B34A7AF61648B13E00CD245F /* QuartzCore.framework */,
				B317CCF816488DF400E1FBE9 /* UIKit.framework */,
				B317CCFA16488DF400E1FBE9 /* Foundation.framework */,
				B317CCFC16488DF400E1FBE9 /* CoreGraphics.framework */,
			);
			name = Frameworks;
			sourceTree = "<group>";
		};
		B34070A3165101CE002721F2 /* Shared Resources */ = {
			isa = PBXGroup;
			children = (
				B34070A4165101CE002721F2 /* loadingbutton.png */,
				B34070A5165101CE002721F2 /* loadingbutton@2x.png */,
				B34070A6165101CE002721F2 /* pausebutton.png */,
				B34070A7165101CE002721F2 /* pausebutton@2x.png */,
				B34070A8165101CE002721F2 /* playbutton.png */,
				B34070A9165101CE002721F2 /* playbutton@2x.png */,
				B34070AA165101CE002721F2 /* stopbutton.png */,
				B34070AB165101CE002721F2 /* stopbutton@2x.png */,
			);
			name = "Shared Resources";
			path = "Vendor/AudioStreamer/Shared Resources";
			sourceTree = SOURCE_ROOT;
		};
		B3512F4B164FB7620030BF97 /* Helpers */ = {
			isa = PBXGroup;
			children = (
				B3512F4C164FB7620030BF97 /* AppHelpers.h */,
				B3512F4D164FB7620030BF97 /* AppHelpers.m */,
				B3ADB5FC165396A600637288 /* NSString+NSStringAdditions.h */,
				B3ADB5FD165396A600637288 /* NSString+NSStringAdditions.m */,
			);
			path = Helpers;
			sourceTree = "<group>";
		};
		B366FA4F16523F1C00181A33 /* Products */ = {
			isa = PBXGroup;
			children = (
				B366FA5A16523F1C00181A33 /* libRestKit.a */,
				B366FA5C16523F1C00181A33 /* RestKitTests.octest */,
				B366FA5E16523F1C00181A33 /* RestKit.framework */,
				B366FA6016523F1C00181A33 /* RestKitFrameworkTests.octest */,
				B366FA6216523F1C00181A33 /* RestKitResources.bundle */,
			);
			name = Products;
			sourceTree = "<group>";
		};
		B37657531650F78E00F6BCA5 /* Controllers */ = {
			isa = PBXGroup;
			children = (
				B30701B01653BC620043E432 /* PersonViewController.h */,
				B30701B11653BC630043E432 /* PersonViewController.m */,
				B37657541650F78E00F6BCA5 /* DisclosureButtonController.h */,
				B37657551650F78E00F6BCA5 /* DisclosureButtonController.m */,
				B37657561650F78E00F6BCA5 /* DisclosureDetailController.h */,
				B37657571650F78E00F6BCA5 /* DisclosureDetailController.m */,
				B37657581650F78E00F6BCA5 /* FirstLevelController.h */,
				B37657591650F78E00F6BCA5 /* FirstLevelController.m */,
				B376575A1650F78E00F6BCA5 /* InfoViewController.h */,
				B376575B1650F78E00F6BCA5 /* InfoViewController.m */,
				B376575C1650F78E00F6BCA5 /* ListenViewController.h */,
				B376575D1650F78E00F6BCA5 /* ListenViewController.m */,
				B376575E1650F78E00F6BCA5 /* NavigationController.h */,
				B376575F1650F78E00F6BCA5 /* NavigationController.m */,
				B366FA7C16532B8600181A33 /* ListenNavigationViewController.h */,
				B366FA7D16532B8600181A33 /* ListenNavigationViewController.m */,
				B30701AD165399830043E432 /* NewsPostViewController.h */,
				B30701AE165399830043E432 /* NewsPostViewController.m */,
				B37657601650F78E00F6BCA5 /* NewsViewController.h */,
				B37657611650F78E00F6BCA5 /* NewsViewController.m */,
				B37657621650F78E00F6BCA5 /* SecondLevelController.h */,
			);
			name = Controllers;
			path = Classes/Controllers;
			sourceTree = SOURCE_ROOT;
		};
		B37657641650F78E00F6BCA5 /* Models */ = {
			isa = PBXGroup;
			children = (
				B366FA6F165241A000181A33 /* ScheduleSlot.h */,
				B366FA70165241A000181A33 /* ScheduleSlot.m */,
				B366FA72165244DB00181A33 /* Show.h */,
				B366FA73165244DB00181A33 /* Show.m */,
				B3ADB5F616538C1400637288 /* NewsPost.h */,
				B3ADB5F716538C1400637288 /* NewsPost.m */,
				B3ADB5F916538CBB00637288 /* Person.h */,
				B3ADB5FA16538CBB00637288 /* Person.m */,
			);
			name = Models;
			path = Classes/Models;
			sourceTree = SOURCE_ROOT;
		};
		B37657A51650F9C700F6BCA5 /* MWPhotoBrowser */ = {
			isa = PBXGroup;
			children = (
				B37657A61650F9C700F6BCA5 /* Classes */,
				B37657B41650F9C700F6BCA5 /* Libraries */,
				B37657B91650F9C700F6BCA5 /* LICENCE.txt */,
				B37657BA1650F9C700F6BCA5 /* MWPhotoBrowser.bundle */,
			);
			name = MWPhotoBrowser;
			path = Vendor/MWPhotoBrowser;
			sourceTree = "<group>";
		};
		B37657A61650F9C700F6BCA5 /* Classes */ = {
			isa = PBXGroup;
			children = (
				B37657A71650F9C700F6BCA5 /* MWCaptionView.h */,
				B37657A81650F9C700F6BCA5 /* MWCaptionView.m */,
				B37657A91650F9C700F6BCA5 /* MWPhoto.h */,
				B37657AA1650F9C700F6BCA5 /* MWPhoto.m */,
				B37657AB1650F9C700F6BCA5 /* MWPhotoBrowser.h */,
				B37657AC1650F9C700F6BCA5 /* MWPhotoBrowser.m */,
				B37657AD1650F9C700F6BCA5 /* MWPhotoProtocol.h */,
				B37657AE1650F9C700F6BCA5 /* MWTapDetectingImageView.h */,
				B37657AF1650F9C700F6BCA5 /* MWTapDetectingImageView.m */,
				B37657B01650F9C700F6BCA5 /* MWTapDetectingView.h */,
				B37657B11650F9C700F6BCA5 /* MWTapDetectingView.m */,
				B37657B21650F9C700F6BCA5 /* MWZoomingScrollView.h */,
				B37657B31650F9C700F6BCA5 /* MWZoomingScrollView.m */,
			);
			path = Classes;
			sourceTree = "<group>";
		};
		B37657B41650F9C700F6BCA5 /* Libraries */ = {
			isa = PBXGroup;
			children = (
				B37657B51650F9C700F6BCA5 /* MBProgressHUD */,
			);
			path = Libraries;
			sourceTree = "<group>";
		};
		B37657B51650F9C700F6BCA5 /* MBProgressHUD */ = {
			isa = PBXGroup;
			children = (
				B37657B61650F9C700F6BCA5 /* MBProgressHUD.h */,
				B37657B71650F9C700F6BCA5 /* MBProgressHUD.m */,
				B37657B81650F9C700F6BCA5 /* README.mdown */,
			);
			path = MBProgressHUD;
			sourceTree = "<group>";
		};
		B376587C1651014800F6BCA5 /* AudioStreamer */ = {
			isa = PBXGroup;
			children = (
				B34070A3165101CE002721F2 /* Shared Resources */,
				B340709A165101B3002721F2 /* AudioStreamer.h */,
				B340709B165101B3002721F2 /* AudioStreamer.m */,
				B340709C165101B3002721F2 /* LevelMeterView.h */,
				B340709D165101B3002721F2 /* LevelMeterView.m */,
				B340709E165101B3002721F2 /* UIDevice+Hardware.h */,
				B340709F165101B3002721F2 /* UIDevice+Hardware.m */,
				B376587D1651014800F6BCA5 /* Supporting Files */,
			);
			name = AudioStreamer;
			path = Vendor/AudioStreamer;
			sourceTree = "<group>";
		};
		B376587D1651014800F6BCA5 /* Supporting Files */ = {
			isa = PBXGroup;
			children = (
				B376587E1651014800F6BCA5 /* AudioStreamer-Prefix.pch */,
			);
			name = "Supporting Files";
			sourceTree = "<group>";
		};
		B39005B81650F2A5000905DB /* Images */ = {
			isa = PBXGroup;
			children = (
				B39005BA1650F2A5000905DB /* Icons */,
				B39005C81650F2A5000905DB /* Placeholder */,
				B39005B91650F2A5000905DB /* disclosureButtonControllerIcon.png */,
				B39005C31650F2A5000905DB /* logo.png */,
				B39005C41650F2A5000905DB /* navBar.png */,
				B39005C51650F2A5000905DB /* navBar@2x.png */,
				B39005C61650F2A5000905DB /* pattern.jpg */,
				B39005C71650F2A5000905DB /* pattern@2x.png */,
			);
			path = Images;
			sourceTree = "<group>";
		};
		B39005BA1650F2A5000905DB /* Icons */ = {
			isa = PBXGroup;
			children = (
				B39005BB1650F2A5000905DB /* info.png */,
				B39005BC1650F2A5000905DB /* info@2x.png */,
				B39005BD1650F2A5000905DB /* listen.png */,
				B39005BE1650F2A5000905DB /* listen@2x.png */,
				B39005BF1650F2A5000905DB /* news.png */,
				B39005C01650F2A5000905DB /* news@2x.png */,
				B39005C11650F2A5000905DB /* schedule.png */,
				B39005C21650F2A5000905DB /* schedule@2x.png */,
			);
			path = Icons;
			sourceTree = "<group>";
		};
		B39005C81650F2A5000905DB /* Placeholder */ = {
			isa = PBXGroup;
			children = (
				B39005C91650F2A5000905DB /* placeholder_medium.png */,
				B39005CA1650F2A5000905DB /* placeholder_medium@2x.png */,
				B39005CB1650F2A5000905DB /* placeholder_small@2x.png */,
				B39005CC1650F2A5000905DB /* placeholder_thumb.jpg */,
				B39005CD1650F2A5000905DB /* placeholder_thumb@2x.png */,
				B39005CE1650F2A5000905DB /* square_large_default.jpg */,
			);
			path = Placeholder;
			sourceTree = "<group>";
		};
		B39005F01650F4D5000905DB /* en.lproj */ = {
			isa = PBXGroup;
			children = (
				B39005F11650F4D5000905DB /* InfoPlist.strings */,
			);
			path = en.lproj;
			sourceTree = "<group>";
		};
		B390068F1650F753000905DB /* Views */ = {
			isa = PBXGroup;
			children = (
				B366FA791653259300181A33 /* TFParagraphCell.h */,
				B366FA7A1653259300181A33 /* TFParagraphCell.m */,
			);
			path = Views;
			sourceTree = "<group>";
		};
		B3C56AE61650D8530017F980 /* Vendor */ = {
			isa = PBXGroup;
			children = (
				B3D305EC1655941B00710843 /* Beam */,
				B3D305C4165471CA00710843 /* BeamMinimalExampleProvider.h */,
				B3D305C5165471CA00710843 /* BeamMinimalExampleProvider.m */,
				B3D305411654642300710843 /* AKTabBarController */,
				B3D5D08716545CEB003B3F81 /* DSFingerTipWindow.h */,
				B3D5D08816545CEB003B3F81 /* DSFingerTipWindow.m */,
				B3D5D07A16545846003B3F81 /* SVPullToRefresh */,
				B37657A51650F9C700F6BCA5 /* MWPhotoBrowser */,
				B34070BF1651075A002721F2 /* HockeySDKResources.bundle */,
				B34070C01651075A002721F2 /* HockeySDK.framework */,
				B3C56AE91650D8B20017F980 /* CocoaPods */,
			);
			name = Vendor;
			sourceTree = "<group>";
		};
		B3C56AE91650D8B20017F980 /* CocoaPods */ = {
			isa = PBXGroup;
			children = (
				1574F0182C874AE0B4B5EF82 /* libPods.a */,
			);
			name = CocoaPods;
			sourceTree = "<group>";
		};
		B3C56AED1650F2410017F980 /* Supporting Files */ = {
			isa = PBXGroup;
			children = (
				B39005F01650F4D5000905DB /* en.lproj */,
				B39005F31650F4D5000905DB /* main.m */,
				B39005F41650F4D5000905DB /* Radio DePaul-Info.plist */,
				B39005F51650F4D5000905DB /* Radio DePaul-Prefix.pch */,
			);
			path = "Supporting Files";
			sourceTree = "<group>";
		};
		B3D305411654642300710843 /* AKTabBarController */ = {
			isa = PBXGroup;
			children = (
				B3D305421654642300710843 /* AKTab.h */,
				B3D305431654642300710843 /* AKTab.m */,
				B3D305441654642300710843 /* AKTabBar.h */,
				B3D305451654642300710843 /* AKTabBar.m */,
				B3D305461654642300710843 /* AKTabBarController.bundle */,
				B3D305471654642300710843 /* AKTabBarController.h */,
				B3D305481654642300710843 /* AKTabBarController.m */,
				B3D305491654642300710843 /* AKTabBarView.h */,
				B3D3054A1654642300710843 /* AKTabBarView.m */,
				B3D3054B1654642300710843 /* UINavigationController+AKTabBarController.h */,
				B3D3054C1654642300710843 /* UINavigationController+AKTabBarController.m */,
				B3D3054D1654642300710843 /* UIViewController+AKTabBarController.h */,
				B3D3054E1654642300710843 /* UIViewController+AKTabBarController.m */,
			);
			path = AKTabBarController;
			sourceTree = "<group>";
		};
		B3D305EC1655941B00710843 /* Beam */ = {
			isa = PBXGroup;
			children = (
				B3D306021655945B00710843 /* AutoScrollLabel.h */,
				B3D306031655945B00710843 /* AutoScrollLabel.m */,
				B3D305FF1655945000710843 /* NSDateFormatter+Duration.h */,
				B3D306001655945000710843 /* NSDateFormatter+Duration.m */,
				B3D305FC1655944500710843 /* UIImageView+Reflection.h */,
				B3D305FD1655944500710843 /* UIImageView+Reflection.m */,
				B3D305ED1655942100710843 /* BeamMusicPlayerController.bundle */,
				B3D305EE1655942100710843 /* BeamMPMusicPlayerProvider.h */,
				B3D305EF1655942100710843 /* BeamMPMusicPlayerProvider.m */,
				B3D305F01655942100710843 /* BeamMusicPlayerController.h */,
				B3D305F11655942100710843 /* BeamMusicPlayerController.m */,
				B3D305F21655942100710843 /* BeamMusicPlayerDataSource.h */,
				B3D305F31655942100710843 /* BeamMusicPlayerDelegate.h */,
				B3D305F41655942100710843 /* BeamMusicPlayerViewController.h */,
				B3D305F51655942100710843 /* BeamMusicPlayerViewController.m */,
				B3D305F61655942100710843 /* BeamMusicPlayerViewController.xib */,
			);
			name = Beam;
			sourceTree = "<group>";
		};
		B3D32ADA1649F99000A76629 /* Classes */ = {
			isa = PBXGroup;
			children = (
				B39005F91650F654000905DB /* AppDelegate.h */,
				B39005FA1650F654000905DB /* AppDelegate.m */,
				B37657531650F78E00F6BCA5 /* Controllers */,
				B37657641650F78E00F6BCA5 /* Models */,
			);
			name = Classes;
			path = Nav;
			sourceTree = "<group>";
		};
		B3D5D07A16545846003B3F81 /* SVPullToRefresh */ = {
			isa = PBXGroup;
			children = (
				B3D5D084165458ED003B3F81 /* SVPullToRefresh.h */,
				B3D5D085165458ED003B3F81 /* SVPullToRefresh.m */,
			);
			path = SVPullToRefresh;
			sourceTree = "<group>";
		};
/* End PBXGroup section */

/* Begin PBXNativeTarget section */
		B317CCF316488DF400E1FBE9 /* Radio DePaul */ = {
			isa = PBXNativeTarget;
			buildConfigurationList = B317CD0C16488DF400E1FBE9 /* Build configuration list for PBXNativeTarget "Radio DePaul" */;
			buildPhases = (
				B317CCF016488DF400E1FBE9 /* Sources */,
				B317CCF116488DF400E1FBE9 /* Frameworks */,
				B317CCF216488DF400E1FBE9 /* Resources */,
				5025319331AE451885DB5C8A /* Copy Pods Resources */,
				B34070C316511927002721F2 /* ShellScript */,
			);
			buildRules = (
			);
			dependencies = (
				B366FA6516523FA200181A33 /* PBXTargetDependency */,
			);
			name = "Radio DePaul";
			productName = Nav;
			productReference = B317CCF416488DF400E1FBE9 /* Radio DePaul.app */;
			productType = "com.apple.product-type.application";
		};
/* End PBXNativeTarget section */

/* Begin PBXProject section */
		B317CCEB16488DF400E1FBE9 /* Project object */ = {
			isa = PBXProject;
			attributes = {
				LastUpgradeCheck = 0440;
				ORGANIZATIONNAME = "Devon Blandin";
			};
			buildConfigurationList = B317CCEE16488DF400E1FBE9 /* Build configuration list for PBXProject "Radio DePaul" */;
			compatibilityVersion = "Xcode 3.2";
			developmentRegion = English;
			hasScannedForEncodings = 0;
			knownRegions = (
				en,
				de,
				es,
				fr,
				it,
				ja,
				nl,
				"pt-PT",
				pt,
				ru,
				sv,
				tr,
				zh_CN,
				zh_TW,
			);
			mainGroup = B317CCE916488DF400E1FBE9;
			productRefGroup = B317CCF516488DF400E1FBE9 /* Products */;
			projectDirPath = "";
			projectReferences = (
				{
					ProductGroup = B366FA4F16523F1C00181A33 /* Products */;
					ProjectRef = B366FA4E16523F1C00181A33 /* RestKit.xcodeproj */;
				},
			);
			projectRoot = "";
			targets = (
				B317CCF316488DF400E1FBE9 /* Radio DePaul */,
			);
		};
/* End PBXProject section */

/* Begin PBXReferenceProxy section */
		B366FA5A16523F1C00181A33 /* libRestKit.a */ = {
			isa = PBXReferenceProxy;
			fileType = archive.ar;
			path = libRestKit.a;
			remoteRef = B366FA5916523F1C00181A33 /* PBXContainerItemProxy */;
			sourceTree = BUILT_PRODUCTS_DIR;
		};
		B366FA5C16523F1C00181A33 /* RestKitTests.octest */ = {
			isa = PBXReferenceProxy;
			fileType = wrapper.cfbundle;
			path = RestKitTests.octest;
			remoteRef = B366FA5B16523F1C00181A33 /* PBXContainerItemProxy */;
			sourceTree = BUILT_PRODUCTS_DIR;
		};
		B366FA5E16523F1C00181A33 /* RestKit.framework */ = {
			isa = PBXReferenceProxy;
			fileType = wrapper.framework;
			path = RestKit.framework;
			remoteRef = B366FA5D16523F1C00181A33 /* PBXContainerItemProxy */;
			sourceTree = BUILT_PRODUCTS_DIR;
		};
		B366FA6016523F1C00181A33 /* RestKitFrameworkTests.octest */ = {
			isa = PBXReferenceProxy;
			fileType = wrapper.cfbundle;
			path = RestKitFrameworkTests.octest;
			remoteRef = B366FA5F16523F1C00181A33 /* PBXContainerItemProxy */;
			sourceTree = BUILT_PRODUCTS_DIR;
		};
		B366FA6216523F1C00181A33 /* RestKitResources.bundle */ = {
			isa = PBXReferenceProxy;
			fileType = wrapper.cfbundle;
			path = RestKitResources.bundle;
			remoteRef = B366FA6116523F1C00181A33 /* PBXContainerItemProxy */;
			sourceTree = BUILT_PRODUCTS_DIR;
		};
/* End PBXReferenceProxy section */

/* Begin PBXResourcesBuildPhase section */
		B317CCF216488DF400E1FBE9 /* Resources */ = {
			isa = PBXResourcesBuildPhase;
			buildActionMask = 2147483647;
			files = (
				B3959011164909C100412C9E /* Icon.png in Resources */,
				B3959013164909C500412C9E /* Icon@2x.png in Resources */,
				B3959015164909D400412C9E /* Default.png in Resources */,
				B3959017164909D700412C9E /* Default@2x.png in Resources */,
				B39005CF1650F2A5000905DB /* disclosureButtonControllerIcon.png in Resources */,
				B39005D01650F2A5000905DB /* info.png in Resources */,
				B39005D11650F2A5000905DB /* info@2x.png in Resources */,
				B39005D21650F2A5000905DB /* listen.png in Resources */,
				B39005D31650F2A5000905DB /* listen@2x.png in Resources */,
				B39005D41650F2A5000905DB /* news.png in Resources */,
				B39005D51650F2A5000905DB /* news@2x.png in Resources */,
				B39005D61650F2A5000905DB /* schedule.png in Resources */,
				B39005D71650F2A5000905DB /* schedule@2x.png in Resources */,
				B39005D81650F2A5000905DB /* logo.png in Resources */,
				B39005D91650F2A5000905DB /* navBar.png in Resources */,
				B39005DA1650F2A5000905DB /* navBar@2x.png in Resources */,
				B39005DB1650F2A5000905DB /* pattern.jpg in Resources */,
				B39005DC1650F2A5000905DB /* pattern@2x.png in Resources */,
				B39005DD1650F2A5000905DB /* placeholder_medium.png in Resources */,
				B39005DE1650F2A5000905DB /* placeholder_medium@2x.png in Resources */,
				B39005DF1650F2A5000905DB /* placeholder_small@2x.png in Resources */,
				B39005E01650F2A5000905DB /* placeholder_thumb.jpg in Resources */,
				B39005E11650F2A5000905DB /* placeholder_thumb@2x.png in Resources */,
				B39005E21650F2A5000905DB /* square_large_default.jpg in Resources */,
				B39005F61650F4D5000905DB /* InfoPlist.strings in Resources */,
				B37657C31650F9C700F6BCA5 /* LICENCE.txt in Resources */,
				B37657C41650F9C700F6BCA5 /* MWPhotoBrowser.bundle in Resources */,
				B34070AC165101CE002721F2 /* loadingbutton.png in Resources */,
				B34070AD165101CE002721F2 /* loadingbutton@2x.png in Resources */,
				B34070AE165101CE002721F2 /* pausebutton.png in Resources */,
				B34070AF165101CE002721F2 /* pausebutton@2x.png in Resources */,
				B34070B0165101CE002721F2 /* playbutton.png in Resources */,
				B34070B1165101CE002721F2 /* playbutton@2x.png in Resources */,
				B34070B2165101CE002721F2 /* stopbutton.png in Resources */,
				B34070B3165101CE002721F2 /* stopbutton@2x.png in Resources */,
				B34070C11651075A002721F2 /* HockeySDKResources.bundle in Resources */,
				B3D305511654642300710843 /* AKTabBarController.bundle in Resources */,
				B3D305F71655942100710843 /* BeamMusicPlayerController.bundle in Resources */,
				B3D305FB1655942100710843 /* BeamMusicPlayerViewController.xib in Resources */,
			);
			runOnlyForDeploymentPostprocessing = 0;
		};
/* End PBXResourcesBuildPhase section */

/* Begin PBXShellScriptBuildPhase section */
		5025319331AE451885DB5C8A /* Copy Pods Resources */ = {
			isa = PBXShellScriptBuildPhase;
			buildActionMask = 2147483647;
			files = (
			);
			inputPaths = (
			);
			name = "Copy Pods Resources";
			outputPaths = (
			);
			runOnlyForDeploymentPostprocessing = 0;
			shellPath = /bin/sh;
			shellScript = "\"${SRCROOT}/Pods/Pods-resources.sh\"\n";
		};
		B34070C316511927002721F2 /* ShellScript */ = {
			isa = PBXShellScriptBuildPhase;
			buildActionMask = 2147483647;
			files = (
			);
			inputPaths = (
			);
			outputPaths = (
			);
			runOnlyForDeploymentPostprocessing = 0;
			shellPath = /bin/sh;
			shellScript = "if [ \"$CONFIGURATION\" == \"Release\" ]\nthen /usr/bin/perl -pe 's/(BUILD_NUMBER = )(\\d+)/$1.($2+1)/eg' -i Pods/Pods.xcconfig\nfi";
		};
/* End PBXShellScriptBuildPhase section */

/* Begin PBXSourcesBuildPhase section */
		B317CCF016488DF400E1FBE9 /* Sources */ = {
			isa = PBXSourcesBuildPhase;
			buildActionMask = 2147483647;
			files = (
				B366FA7F1653311F00181A33 /* MWCaptionView.m in Sources */,
				B366FA801653311F00181A33 /* MWPhoto.m in Sources */,
				B366FA811653311F00181A33 /* MWPhotoBrowser.m in Sources */,
				B366FA821653311F00181A33 /* MWTapDetectingImageView.m in Sources */,
				B366FA831653311F00181A33 /* MWTapDetectingView.m in Sources */,
				B366FA841653311F00181A33 /* MWZoomingScrollView.m in Sources */,
				B366FA851653311F00181A33 /* MBProgressHUD.m in Sources */,
				B366FA861653311F00181A33 /* AppHelpers.m in Sources */,
				B366FA871653311F00181A33 /* AppDelegate.m in Sources */,
				B366FA881653311F00181A33 /* DisclosureButtonController.m in Sources */,
				B366FA891653311F00181A33 /* DisclosureDetailController.m in Sources */,
				B366FA8A1653311F00181A33 /* FirstLevelController.m in Sources */,
				B366FA8B1653311F00181A33 /* InfoViewController.m in Sources */,
				B366FA8C1653311F00181A33 /* ListenViewController.m in Sources */,
				B366FA8D1653311F00181A33 /* NavigationController.m in Sources */,
				B366FA8E1653311F00181A33 /* ListenNavigationViewController.m in Sources */,
				B366FA8F1653311F00181A33 /* NewsViewController.m in Sources */,
				B366FA921653311F00181A33 /* ScheduleSlot.m in Sources */,
				B366FA931653311F00181A33 /* Show.m in Sources */,
				B366FA941653311F00181A33 /* main.m in Sources */,
				B366FA951653311F00181A33 /* TFParagraphCell.m in Sources */,
				B366FA961653311F00181A33 /* AudioStreamer.m in Sources */,
				B366FA971653311F00181A33 /* LevelMeterView.m in Sources */,
				B366FA981653311F00181A33 /* UIDevice+Hardware.m in Sources */,
				B3ADB5F816538C1400637288 /* NewsPost.m in Sources */,
				B3ADB5FB16538CBB00637288 /* Person.m in Sources */,
				B3ADB5FE165396A600637288 /* NSString+NSStringAdditions.m in Sources */,
				B30701AF165399830043E432 /* NewsPostViewController.m in Sources */,
				B30701B21653BC640043E432 /* PersonViewController.m in Sources */,
				B3D5D086165458ED003B3F81 /* SVPullToRefresh.m in Sources */,
				B3D5D08916545CEB003B3F81 /* DSFingerTipWindow.m in Sources */,
				B3D3054F1654642300710843 /* AKTab.m in Sources */,
				B3D305501654642300710843 /* AKTabBar.m in Sources */,
				B3D305521654642300710843 /* AKTabBarController.m in Sources */,
				B3D305531654642300710843 /* AKTabBarView.m in Sources */,
				B3D305541654642300710843 /* UINavigationController+AKTabBarController.m in Sources */,
				B3D305551654642300710843 /* UIViewController+AKTabBarController.m in Sources */,
				B3D305C6165471CA00710843 /* BeamMinimalExampleProvider.m in Sources */,
				B3D305F81655942100710843 /* BeamMPMusicPlayerProvider.m in Sources */,
				B3D305F91655942100710843 /* BeamMusicPlayerController.m in Sources */,
				B3D305FA1655942100710843 /* BeamMusicPlayerViewController.m in Sources */,
				B3D305FE1655944500710843 /* UIImageView+Reflection.m in Sources */,
				B3D306011655945000710843 /* NSDateFormatter+Duration.m in Sources */,
				B3D306041655945B00710843 /* AutoScrollLabel.m in Sources */,
			);
			runOnlyForDeploymentPostprocessing = 0;
		};
/* End PBXSourcesBuildPhase section */

/* Begin PBXTargetDependency section */
		B366FA6516523FA200181A33 /* PBXTargetDependency */ = {
			isa = PBXTargetDependency;
			name = RestKit;
			targetProxy = B366FA6416523FA200181A33 /* PBXContainerItemProxy */;
		};
/* End PBXTargetDependency section */

/* Begin PBXVariantGroup section */
		B39005F11650F4D5000905DB /* InfoPlist.strings */ = {
			isa = PBXVariantGroup;
			children = (
				B39005F21650F4D5000905DB /* en */,
			);
			name = InfoPlist.strings;
			sourceTree = "<group>";
		};
/* End PBXVariantGroup section */

/* Begin XCBuildConfiguration section */
		B317CD0A16488DF400E1FBE9 /* Debug */ = {
			isa = XCBuildConfiguration;
			buildSettings = {
				ALWAYS_SEARCH_USER_PATHS = YES;
				ARCHS = "$(ARCHS_STANDARD_32_BIT)";
				CLANG_CXX_LANGUAGE_STANDARD = "gnu++0x";
				CLANG_ENABLE_OBJC_ARC = NO;
				CLANG_WARN__DUPLICATE_METHOD_MATCH = YES;
				CODE_SIGN_IDENTITY = "iPhone Developer: Devon Blandin (92M35RMHVG)";
				"CODE_SIGN_IDENTITY[sdk=iphoneos*]" = "iPhone Developer: Devon Blandin (92M35RMHVG)";
				COPY_PHASE_STRIP = NO;
				GCC_C_LANGUAGE_STANDARD = gnu99;
				GCC_DYNAMIC_NO_PIC = NO;
				GCC_OPTIMIZATION_LEVEL = 0;
				GCC_PREPROCESSOR_DEFINITIONS = (
					"DEBUG=1",
					"$(inherited)",
				);
				GCC_SYMBOLS_PRIVATE_EXTERN = NO;
				GCC_VERSION = com.apple.compilers.llvm.clang.1_0;
				GCC_WARN_ABOUT_RETURN_TYPE = YES;
				GCC_WARN_UNINITIALIZED_AUTOS = YES;
				GCC_WARN_UNUSED_VARIABLE = YES;
				INFOPLIST_FILE = "";
				IPHONEOS_DEPLOYMENT_TARGET = 5.1;
				PROVISIONING_PROFILE = "90F9D4E3-FFCA-4BF7-830F-A6CB240D801E";
				"PROVISIONING_PROFILE[sdk=iphoneos*]" = "90F9D4E3-FFCA-4BF7-830F-A6CB240D801E";
				SDKROOT = iphoneos;
			};
			name = Debug;
		};
		B317CD0B16488DF400E1FBE9 /* Release */ = {
			isa = XCBuildConfiguration;
			buildSettings = {
				ALWAYS_SEARCH_USER_PATHS = YES;
				ARCHS = "$(ARCHS_STANDARD_32_BIT)";
				CLANG_CXX_LANGUAGE_STANDARD = "gnu++0x";
				CLANG_ENABLE_OBJC_ARC = NO;
				CLANG_WARN__DUPLICATE_METHOD_MATCH = YES;
				CODE_SIGN_IDENTITY = "iPhone Distribution: Devon Blandin";
				"CODE_SIGN_IDENTITY[sdk=iphoneos*]" = "iPhone Distribution: Devon Blandin";
				COPY_PHASE_STRIP = YES;
				GCC_C_LANGUAGE_STANDARD = gnu99;
				GCC_VERSION = com.apple.compilers.llvm.clang.1_0;
				GCC_WARN_ABOUT_RETURN_TYPE = YES;
				GCC_WARN_UNINITIALIZED_AUTOS = YES;
				GCC_WARN_UNUSED_VARIABLE = YES;
				INFOPLIST_FILE = "";
				IPHONEOS_DEPLOYMENT_TARGET = 5.1;
				OTHER_CFLAGS = "-DNS_BLOCK_ASSERTIONS=1";
				PROVISIONING_PROFILE = "017CF8EF-B6DA-409E-AC0A-209E753DB462";
				"PROVISIONING_PROFILE[sdk=iphoneos*]" = "017CF8EF-B6DA-409E-AC0A-209E753DB462";
				SDKROOT = iphoneos;
				VALIDATE_PRODUCT = YES;
			};
			name = Release;
		};
		B317CD0D16488DF400E1FBE9 /* Debug */ = {
			isa = XCBuildConfiguration;
			baseConfigurationReference = 89D18248B72C446C80A3A4F7 /* Pods.xcconfig */;
			buildSettings = {
				CLANG_ENABLE_OBJC_ARC = NO;
				CODE_SIGN_IDENTITY = "iPhone Developer: Devon Blandin (92M35RMHVG)";
				"CODE_SIGN_IDENTITY[sdk=iphoneos*]" = "iPhone Developer: Devon Blandin (92M35RMHVG)";
				COPY_PHASE_STRIP = NO;
				FRAMEWORK_SEARCH_PATHS = (
					"$(inherited)",
					"\"$(SRCROOT)/Vendor\"",
				);
				GCC_PRECOMPILE_PREFIX_HEADER = YES;
				GCC_PREFIX_HEADER = "Supporting Files/Radio DePaul-Prefix.pch";
				HEADER_SEARCH_PATHS = (
					"${PODS_HEADERS_SEARCH_PATHS}",
					"\"$(BUILT_PRODUCTS_DIR)/../../Headers\"",
				);
				INFOPLIST_FILE = "Supporting Files/Radio DePaul-Info.plist";
				LIBRARY_SEARCH_PATHS = (
					"$(inherited)",
					"\"$(SRCROOT)/Vendor\"",
				);
				OTHER_LDFLAGS = (
					"$(inherited)",
					"-all_load",
				);
				PRODUCT_NAME = "Radio DePaul";
				PROVISIONING_PROFILE = "90F9D4E3-FFCA-4BF7-830F-A6CB240D801E";
				"PROVISIONING_PROFILE[sdk=iphoneos*]" = "90F9D4E3-FFCA-4BF7-830F-A6CB240D801E";
				WRAPPER_EXTENSION = app;
			};
			name = Debug;
		};
		B317CD0E16488DF400E1FBE9 /* Release */ = {
			isa = XCBuildConfiguration;
			baseConfigurationReference = 89D18248B72C446C80A3A4F7 /* Pods.xcconfig */;
			buildSettings = {
				CLANG_ENABLE_OBJC_ARC = NO;
				CODE_SIGN_IDENTITY = "iPhone Distribution: Devon Blandin";
				"CODE_SIGN_IDENTITY[sdk=iphoneos*]" = "iPhone Distribution: Devon Blandin";
				COPY_PHASE_STRIP = NO;
				FRAMEWORK_SEARCH_PATHS = (
					"$(inherited)",
					"\"$(SRCROOT)/Vendor\"",
				);
				GCC_PRECOMPILE_PREFIX_HEADER = YES;
				GCC_PREFIX_HEADER = "Supporting Files/Radio DePaul-Prefix.pch";
				HEADER_SEARCH_PATHS = (
					"${PODS_HEADERS_SEARCH_PATHS}",
					"\"$(BUILT_PRODUCTS_DIR)/../../Headers\"",
				);
				INFOPLIST_FILE = "Supporting Files/Radio DePaul-Info.plist";
				LIBRARY_SEARCH_PATHS = (
					"$(inherited)",
					"\"$(SRCROOT)/Vendor\"",
				);
				OTHER_LDFLAGS = (
					"$(inherited)",
					"-all_load",
				);
				PRODUCT_NAME = "Radio DePaul";
				PROVISIONING_PROFILE = "017CF8EF-B6DA-409E-AC0A-209E753DB462";
				"PROVISIONING_PROFILE[sdk=iphoneos*]" = "017CF8EF-B6DA-409E-AC0A-209E753DB462";
				WRAPPER_EXTENSION = app;
			};
			name = Release;
		};
/* End XCBuildConfiguration section */

/* Begin XCConfigurationList section */
		B317CCEE16488DF400E1FBE9 /* Build configuration list for PBXProject "Radio DePaul" */ = {
			isa = XCConfigurationList;
			buildConfigurations = (
				B317CD0A16488DF400E1FBE9 /* Debug */,
				B317CD0B16488DF400E1FBE9 /* Release */,
			);
			defaultConfigurationIsVisible = 0;
			defaultConfigurationName = Release;
		};
		B317CD0C16488DF400E1FBE9 /* Build configuration list for PBXNativeTarget "Radio DePaul" */ = {
			isa = XCConfigurationList;
			buildConfigurations = (
				B317CD0D16488DF400E1FBE9 /* Debug */,
				B317CD0E16488DF400E1FBE9 /* Release */,
			);
			defaultConfigurationIsVisible = 0;
			defaultConfigurationName = Release;
		};
/* End XCConfigurationList section */
	};
	rootObject = B317CCEB16488DF400E1FBE9 /* Project object */;
}
